
Microsoft Visual Studio Solution File, Format Version 12.00
# Visual Studio Version 16
VisualStudioVersion = 16.0.32002.261
MinimumVisualStudioVersion = 10.0.40219.1
Project("{FAE04EC0-301F-11D3-BF4B-00C04F79EFBC}") = "gtscoliar", "gtscoliar\gtscoliar.csproj", "{B819C4E9-369C-4113-BDE3-A9CCA50210DD}"
EndProject
Global
	GlobalSection(SolutionConfigurationPlatforms) = preSolution
		Debug|Any CPU = Debug|Any CPU
		Release|Any CPU = Release|Any CPU
	EndGlobalSection
	GlobalSection(ProjectConfigurationPlatforms) = postSolution
		{B819C4E9-369C-4113-BDE3-A9CCA50210DD}.Debug|Any CPU.ActiveCfg = Debug|Any CPU
		{B819C4E9-369C-4113-BDE3-A9CCA50210DD}.Debug|Any CPU.Build.0 = Debug|Any CPU
		{B819C4E9-369C-4113-BDE3-A9CCA50210DD}.Release|Any CPU.ActiveCfg = Release|Any CPU
		{B819C4E9-369C-4113-BDE3-A9CCA50210DD}.Release|Any CPU.Build.0 = Release|Any CPU
	EndGlobalSection
	GlobalSection(SolutionProperties) = preSolution
		HideSolutionNode = FALSE
	EndGlobalSection
	GlobalSection(ExtensibilityGlobals) = postSolution
		SolutionGuid = {008E3F35-5713-4A59-ABAD-E2E35C2697CA}
	EndGlobalSection
EndGlobal
